
Microsoft Visual Studio Solution File, Format Version 12.00
# Visual Studio Version 16
VisualStudioVersion = 16.0.31025.194
MinimumVisualStudioVersion = 10.0.40219.1
Project("{9A19103F-16F7-4668-BE54-9A1E7A4F7556}") = "BlazorApp", "BlazorApp\BlazorApp.csproj", "{5169E6AE-1E53-488B-8F7A-A0C50B0DA277}"
EndProject
Project("{9A19103F-16F7-4668-BE54-9A1E7A4F7556}") = "BlazorApp.Tests", "BlazorApp.Tests\BlazorApp.Tests.csproj", "{9C164E7E-7049-4A18-A9B1-3B478064EBF1}"
EndProject
Project("{9A19103F-16F7-4668-BE54-9A1E7A4F7556}") = "BlazorApp.UITests", "BlazorApp.UITests\BlazorApp.UITests.csproj", "{369A8655-9D5F-4240-BB6E-CCE57A2DCD3B}"
EndProject
Project("{FAE04EC0-301F-11D3-BF4B-00C04F79EFBC}") = "BlazorApp.Specs", "BlazorApp.Specs\BlazorApp.Specs.csproj", "{C690E954-E6B8-485C-96A9-F712E89FB6CE}"
EndProject
Global
	GlobalSection(SolutionConfigurationPlatforms) = preSolution
		Debug|Any CPU = Debug|Any CPU
		Release|Any CPU = Release|Any CPU
	EndGlobalSection
	GlobalSection(ProjectConfigurationPlatforms) = postSolution
		{5169E6AE-1E53-488B-8F7A-A0C50B0DA277}.Debug|Any CPU.ActiveCfg = Debug|Any CPU
		{5169E6AE-1E53-488B-8F7A-A0C50B0DA277}.Debug|Any CPU.Build.0 = Debug|Any CPU
		{5169E6AE-1E53-488B-8F7A-A0C50B0DA277}.Release|Any CPU.ActiveCfg = Release|Any CPU
		{5169E6AE-1E53-488B-8F7A-A0C50B0DA277}.Release|Any CPU.Build.0 = Release|Any CPU
		{9C164E7E-7049-4A18-A9B1-3B478064EBF1}.Debug|Any CPU.ActiveCfg = Debug|Any CPU
		{9C164E7E-7049-4A18-A9B1-3B478064EBF1}.Debug|Any CPU.Build.0 = Debug|Any CPU
		{9C164E7E-7049-4A18-A9B1-3B478064EBF1}.Release|Any CPU.ActiveCfg = Release|Any CPU
		{9C164E7E-7049-4A18-A9B1-3B478064EBF1}.Release|Any CPU.Build.0 = Release|Any CPU
		{369A8655-9D5F-4240-BB6E-CCE57A2DCD3B}.Debug|Any CPU.ActiveCfg = Debug|Any CPU
		{369A8655-9D5F-4240-BB6E-CCE57A2DCD3B}.Debug|Any CPU.Build.0 = Debug|Any CPU
		{369A8655-9D5F-4240-BB6E-CCE57A2DCD3B}.Release|Any CPU.ActiveCfg = Release|Any CPU
		{369A8655-9D5F-4240-BB6E-CCE57A2DCD3B}.Release|Any CPU.Build.0 = Release|Any CPU
		{C690E954-E6B8-485C-96A9-F712E89FB6CE}.Debug|Any CPU.ActiveCfg = Debug|Any CPU
		{C690E954-E6B8-485C-96A9-F712E89FB6CE}.Debug|Any CPU.Build.0 = Debug|Any CPU
		{C690E954-E6B8-485C-96A9-F712E89FB6CE}.Release|Any CPU.ActiveCfg = Release|Any CPU
		{C690E954-E6B8-485C-96A9-F712E89FB6CE}.Release|Any CPU.Build.0 = Release|Any CPU
	EndGlobalSection
	GlobalSection(SolutionProperties) = preSolution
		HideSolutionNode = FALSE
	EndGlobalSection
	GlobalSection(ExtensibilityGlobals) = postSolution
		SolutionGuid = {7C6149F9-B45F-4792-A24E-86DC26F3729F}
	EndGlobalSection
EndGlobal
